
Microsoft Visual Studio Solution File, Format Version 12.00
# Visual Studio Version 16
VisualStudioVersion = 16.0.29409.12
MinimumVisualStudioVersion = 10.0.40219.1
Project("{FAE04EC0-301F-11D3-BF4B-00C04F79EFBC}") = "FileList", "FileList\FileList.csproj", "{2BFAA96B-1C2B-42FE-B0BB-9D5A6C7013F7}"
EndProject
Global
	GlobalSection(SolutionConfigurationPlatforms) = preSolution
		Debug|Any CPU = Debug|Any CPU
		Release|Any CPU = Release|Any CPU
	EndGlobalSection
	GlobalSection(ProjectConfigurationPlatforms) = postSolution
		{2BFAA96B-1C2B-42FE-B0BB-9D5A6C7013F7}.Debug|Any CPU.ActiveCfg = Debug|Any CPU
		{2BFAA96B-1C2B-42FE-B0BB-9D5A6C7013F7}.Debug|Any CPU.Build.0 = Debug|Any CPU
		{2BFAA96B-1C2B-42FE-B0BB-9D5A6C7013F7}.Release|Any CPU.ActiveCfg = Release|Any CPU
		{2BFAA96B-1C2B-42FE-B0BB-9D5A6C7013F7}.Release|Any CPU.Build.0 = Release|Any CPU
	EndGlobalSection
	GlobalSection(SolutionProperties) = preSolution
		HideSolutionNode = FALSE
	EndGlobalSection
	GlobalSection(ExtensibilityGlobals) = postSolution
		SolutionGuid = {5623204A-350D-4E58-87B7-D1B8E7814A4B}
	EndGlobalSection
EndGlobal
